
Microsoft Visual Studio Solution File, Format Version 12.00
# Visual Studio Version 17
VisualStudioVersion = 17.3.32901.215
MinimumVisualStudioVersion = 10.0.40219.1
Project("{FAE04EC0-301F-11D3-BF4B-00C04F79EFBC}") = "Tdd", "Tdd\Tdd.csproj", "{72B68B85-002C-4A7F-9BEE-27F566080EAC}"
EndProject
Project("{FAE04EC0-301F-11D3-BF4B-00C04F79EFBC}") = "ConsoleApp1", "ConsoleApp1\ConsoleApp1.csproj", "{67ACD174-5A63-49A1-89B4-F86458A91A11}"
EndProject
Global
	GlobalSection(SolutionConfigurationPlatforms) = preSolution
		Debug|Any CPU = Debug|Any CPU
		Release|Any CPU = Release|Any CPU
	EndGlobalSection
	GlobalSection(ProjectConfigurationPlatforms) = postSolution
		{72B68B85-002C-4A7F-9BEE-27F566080EAC}.Debug|Any CPU.ActiveCfg = Debug|Any CPU
		{72B68B85-002C-4A7F-9BEE-27F566080EAC}.Debug|Any CPU.Build.0 = Debug|Any CPU
		{72B68B85-002C-4A7F-9BEE-27F566080EAC}.Release|Any CPU.ActiveCfg = Release|Any CPU
		{72B68B85-002C-4A7F-9BEE-27F566080EAC}.Release|Any CPU.Build.0 = Release|Any CPU
		{67ACD174-5A63-49A1-89B4-F86458A91A11}.Debug|Any CPU.ActiveCfg = Debug|Any CPU
		{67ACD174-5A63-49A1-89B4-F86458A91A11}.Debug|Any CPU.Build.0 = Debug|Any CPU
		{67ACD174-5A63-49A1-89B4-F86458A91A11}.Release|Any CPU.ActiveCfg = Release|Any CPU
		{67ACD174-5A63-49A1-89B4-F86458A91A11}.Release|Any CPU.Build.0 = Release|Any CPU
	EndGlobalSection
	GlobalSection(SolutionProperties) = preSolution
		HideSolutionNode = FALSE
	EndGlobalSection
	GlobalSection(ExtensibilityGlobals) = postSolution
		SolutionGuid = {E348A5FD-FB33-4A28-9402-33F45E09F203}
	EndGlobalSection
EndGlobal
