
Microsoft Visual Studio Solution File, Format Version 12.00
# Visual Studio Version 17
VisualStudioVersion = 17.3.32901.215
MinimumVisualStudioVersion = 10.0.40219.1
Project("{FAE04EC0-301F-11D3-BF4B-00C04F79EFBC}") = "DiceRoller", "DiceRoller\DiceRoller.csproj", "{48770990-0756-4DB5-BD7A-DC4A2F2A0B4E}"
EndProject
Global
	GlobalSection(SolutionConfigurationPlatforms) = preSolution
		Debug|Any CPU = Debug|Any CPU
		Release|Any CPU = Release|Any CPU
	EndGlobalSection
	GlobalSection(ProjectConfigurationPlatforms) = postSolution
		{48770990-0756-4DB5-BD7A-DC4A2F2A0B4E}.Debug|Any CPU.ActiveCfg = Debug|Any CPU
		{48770990-0756-4DB5-BD7A-DC4A2F2A0B4E}.Debug|Any CPU.Build.0 = Debug|Any CPU
		{48770990-0756-4DB5-BD7A-DC4A2F2A0B4E}.Release|Any CPU.ActiveCfg = Release|Any CPU
		{48770990-0756-4DB5-BD7A-DC4A2F2A0B4E}.Release|Any CPU.Build.0 = Release|Any CPU
	EndGlobalSection
	GlobalSection(SolutionProperties) = preSolution
		HideSolutionNode = FALSE
	EndGlobalSection
	GlobalSection(ExtensibilityGlobals) = postSolution
		SolutionGuid = {C8A4E22F-6FB6-4223-87F8-AF7BF46303BC}
	EndGlobalSection
EndGlobal
