
Microsoft Visual Studio Solution File, Format Version 12.00
# Visual Studio Version 17
VisualStudioVersion = 17.3.32901.215
MinimumVisualStudioVersion = 10.0.40219.1
Project("{FAE04EC0-301F-11D3-BF4B-00C04F79EFBC}") = "Conditionals", "Conditionals\Conditionals.csproj", "{B8EA8AB9-A30E-4BDC-8095-CE7B6343D3B8}"
EndProject
Global
	GlobalSection(SolutionConfigurationPlatforms) = preSolution
		Debug|Any CPU = Debug|Any CPU
		Release|Any CPU = Release|Any CPU
	EndGlobalSection
	GlobalSection(ProjectConfigurationPlatforms) = postSolution
		{B8EA8AB9-A30E-4BDC-8095-CE7B6343D3B8}.Debug|Any CPU.ActiveCfg = Debug|Any CPU
		{B8EA8AB9-A30E-4BDC-8095-CE7B6343D3B8}.Debug|Any CPU.Build.0 = Debug|Any CPU
		{B8EA8AB9-A30E-4BDC-8095-CE7B6343D3B8}.Release|Any CPU.ActiveCfg = Release|Any CPU
		{B8EA8AB9-A30E-4BDC-8095-CE7B6343D3B8}.Release|Any CPU.Build.0 = Release|Any CPU
	EndGlobalSection
	GlobalSection(SolutionProperties) = preSolution
		HideSolutionNode = FALSE
	EndGlobalSection
	GlobalSection(ExtensibilityGlobals) = postSolution
		SolutionGuid = {EA64F76D-B6B3-497E-87CC-81B6EB9C7F64}
	EndGlobalSection
EndGlobal
