
Microsoft Visual Studio Solution File, Format Version 12.00
# Visual Studio Version 17
VisualStudioVersion = 17.3.32901.215
MinimumVisualStudioVersion = 10.0.40219.1
Project("{FAE04EC0-301F-11D3-BF4B-00C04F79EFBC}") = "day1Lecture", "day1Lecture\day1Lecture.csproj", "{AA017351-8BA1-415F-A61E-FC5701AD176C}"
EndProject
Global
	GlobalSection(SolutionConfigurationPlatforms) = preSolution
		Debug|Any CPU = Debug|Any CPU
		Release|Any CPU = Release|Any CPU
	EndGlobalSection
	GlobalSection(ProjectConfigurationPlatforms) = postSolution
		{AA017351-8BA1-415F-A61E-FC5701AD176C}.Debug|Any CPU.ActiveCfg = Debug|Any CPU
		{AA017351-8BA1-415F-A61E-FC5701AD176C}.Debug|Any CPU.Build.0 = Debug|Any CPU
		{AA017351-8BA1-415F-A61E-FC5701AD176C}.Release|Any CPU.ActiveCfg = Release|Any CPU
		{AA017351-8BA1-415F-A61E-FC5701AD176C}.Release|Any CPU.Build.0 = Release|Any CPU
	EndGlobalSection
	GlobalSection(SolutionProperties) = preSolution
		HideSolutionNode = FALSE
	EndGlobalSection
	GlobalSection(ExtensibilityGlobals) = postSolution
		SolutionGuid = {B8888BA5-D5C0-43F6-BDFE-4CB1277893B3}
	EndGlobalSection
EndGlobal
