
Microsoft Visual Studio Solution File, Format Version 12.00
# Visual Studio Version 17
VisualStudioVersion = 17.3.32901.215
MinimumVisualStudioVersion = 10.0.40219.1
Project("{FAE04EC0-301F-11D3-BF4B-00C04F79EFBC}") = "LinqLecture", "LinqLecture\LinqLecture.csproj", "{C1118ED1-0449-45DA-8E43-D5CAE938A68F}"
EndProject
Global
	GlobalSection(SolutionConfigurationPlatforms) = preSolution
		Debug|Any CPU = Debug|Any CPU
		Release|Any CPU = Release|Any CPU
	EndGlobalSection
	GlobalSection(ProjectConfigurationPlatforms) = postSolution
		{C1118ED1-0449-45DA-8E43-D5CAE938A68F}.Debug|Any CPU.ActiveCfg = Debug|Any CPU
		{C1118ED1-0449-45DA-8E43-D5CAE938A68F}.Debug|Any CPU.Build.0 = Debug|Any CPU
		{C1118ED1-0449-45DA-8E43-D5CAE938A68F}.Release|Any CPU.ActiveCfg = Release|Any CPU
		{C1118ED1-0449-45DA-8E43-D5CAE938A68F}.Release|Any CPU.Build.0 = Release|Any CPU
	EndGlobalSection
	GlobalSection(SolutionProperties) = preSolution
		HideSolutionNode = FALSE
	EndGlobalSection
	GlobalSection(ExtensibilityGlobals) = postSolution
		SolutionGuid = {3E4D9CDD-154B-4E2C-9F15-4C3C07E5B01A}
	EndGlobalSection
EndGlobal
