
Microsoft Visual Studio Solution File, Format Version 12.00
# Visual Studio Version 17
VisualStudioVersion = 17.3.32901.215
MinimumVisualStudioVersion = 10.0.40219.1
Project("{FAE04EC0-301F-11D3-BF4B-00C04F79EFBC}") = "MethodLecture", "MethodLecture\MethodLecture.csproj", "{DEB2DE9F-C606-463D-AE32-9942A22CF92E}"
EndProject
Global
	GlobalSection(SolutionConfigurationPlatforms) = preSolution
		Debug|Any CPU = Debug|Any CPU
		Release|Any CPU = Release|Any CPU
	EndGlobalSection
	GlobalSection(ProjectConfigurationPlatforms) = postSolution
		{DEB2DE9F-C606-463D-AE32-9942A22CF92E}.Debug|Any CPU.ActiveCfg = Debug|Any CPU
		{DEB2DE9F-C606-463D-AE32-9942A22CF92E}.Debug|Any CPU.Build.0 = Debug|Any CPU
		{DEB2DE9F-C606-463D-AE32-9942A22CF92E}.Release|Any CPU.ActiveCfg = Release|Any CPU
		{DEB2DE9F-C606-463D-AE32-9942A22CF92E}.Release|Any CPU.Build.0 = Release|Any CPU
	EndGlobalSection
	GlobalSection(SolutionProperties) = preSolution
		HideSolutionNode = FALSE
	EndGlobalSection
	GlobalSection(ExtensibilityGlobals) = postSolution
		SolutionGuid = {6E9DCB7B-4A1C-45F0-99F8-34F3F92BB85A}
	EndGlobalSection
EndGlobal
