
Microsoft Visual Studio Solution File, Format Version 12.00
# Visual Studio Version 17
VisualStudioVersion = 17.3.32901.215
MinimumVisualStudioVersion = 10.0.40219.1
Project("{FAE04EC0-301F-11D3-BF4B-00C04F79EFBC}") = "CoffeeProducts", "CoffeeProducts\CoffeeProducts.csproj", "{E92F0466-29BA-4FCF-9287-497C7A046B01}"
EndProject
Global
	GlobalSection(SolutionConfigurationPlatforms) = preSolution
		Debug|Any CPU = Debug|Any CPU
		Release|Any CPU = Release|Any CPU
	EndGlobalSection
	GlobalSection(ProjectConfigurationPlatforms) = postSolution
		{E92F0466-29BA-4FCF-9287-497C7A046B01}.Debug|Any CPU.ActiveCfg = Debug|Any CPU
		{E92F0466-29BA-4FCF-9287-497C7A046B01}.Debug|Any CPU.Build.0 = Debug|Any CPU
		{E92F0466-29BA-4FCF-9287-497C7A046B01}.Release|Any CPU.ActiveCfg = Release|Any CPU
		{E92F0466-29BA-4FCF-9287-497C7A046B01}.Release|Any CPU.Build.0 = Release|Any CPU
	EndGlobalSection
	GlobalSection(SolutionProperties) = preSolution
		HideSolutionNode = FALSE
	EndGlobalSection
	GlobalSection(ExtensibilityGlobals) = postSolution
		SolutionGuid = {52B26A92-2B69-4F3A-8D3C-997B081A54E2}
	EndGlobalSection
EndGlobal
