
Microsoft Visual Studio Solution File, Format Version 12.00
# Visual Studio Version 17
VisualStudioVersion = 17.3.32901.215
MinimumVisualStudioVersion = 10.0.40219.1
Project("{FAE04EC0-301F-11D3-BF4B-00C04F79EFBC}") = "FileIO", "FileIO\FileIO.csproj", "{6DEE2E19-CB63-4BC3-A071-AABF59AF5EC4}"
EndProject
Global
	GlobalSection(SolutionConfigurationPlatforms) = preSolution
		Debug|Any CPU = Debug|Any CPU
		Release|Any CPU = Release|Any CPU
	EndGlobalSection
	GlobalSection(ProjectConfigurationPlatforms) = postSolution
		{6DEE2E19-CB63-4BC3-A071-AABF59AF5EC4}.Debug|Any CPU.ActiveCfg = Debug|Any CPU
		{6DEE2E19-CB63-4BC3-A071-AABF59AF5EC4}.Debug|Any CPU.Build.0 = Debug|Any CPU
		{6DEE2E19-CB63-4BC3-A071-AABF59AF5EC4}.Release|Any CPU.ActiveCfg = Release|Any CPU
		{6DEE2E19-CB63-4BC3-A071-AABF59AF5EC4}.Release|Any CPU.Build.0 = Release|Any CPU
	EndGlobalSection
	GlobalSection(SolutionProperties) = preSolution
		HideSolutionNode = FALSE
	EndGlobalSection
	GlobalSection(ExtensibilityGlobals) = postSolution
		SolutionGuid = {2140A51D-8275-4FB4-8587-85AA5D260AB1}
	EndGlobalSection
EndGlobal
